
Microsoft Visual Studio Solution File, Format Version 12.00
# Visual Studio 15
VisualStudioVersion = 15.0.28010.2046
MinimumVisualStudioVersion = 10.0.40219.1
Project("{FAE04EC0-301F-11D3-BF4B-00C04F79EFBC}") = "MobileStore", "MobileStore\MobileStore.csproj", "{CE1C7EF5-B989-4EAD-B889-984593F4F9E8}"
EndProject
Global
	GlobalSection(SolutionConfigurationPlatforms) = preSolution
		Debug|Any CPU = Debug|Any CPU
		Release|Any CPU = Release|Any CPU
	EndGlobalSection
	GlobalSection(ProjectConfigurationPlatforms) = postSolution
		{CE1C7EF5-B989-4EAD-B889-984593F4F9E8}.Debug|Any CPU.ActiveCfg = Debug|Any CPU
		{CE1C7EF5-B989-4EAD-B889-984593F4F9E8}.Debug|Any CPU.Build.0 = Debug|Any CPU
		{CE1C7EF5-B989-4EAD-B889-984593F4F9E8}.Release|Any CPU.ActiveCfg = Release|Any CPU
		{CE1C7EF5-B989-4EAD-B889-984593F4F9E8}.Release|Any CPU.Build.0 = Release|Any CPU
	EndGlobalSection
	GlobalSection(SolutionProperties) = preSolution
		HideSolutionNode = FALSE
	EndGlobalSection
	GlobalSection(ExtensibilityGlobals) = postSolution
		SolutionGuid = {EA19AA51-9832-45E5-87E5-6AD438520742}
	EndGlobalSection
EndGlobal
